
Microsoft Visual Studio Solution File, Format Version 12.00
# Visual Studio Version 16
VisualStudioVersion = 16.0.31229.75
MinimumVisualStudioVersion = 10.0.40219.1
Project("{F2A71F9B-5D33-465A-A702-920D77279786}") = "ConsoleApp1", "ConsoleApp1\ConsoleApp1.fsproj", "{0B16F0A0-6A09-4F4D-9749-F8171CE5D504}"
EndProject
Global
	GlobalSection(SolutionConfigurationPlatforms) = preSolution
		Debug|Any CPU = Debug|Any CPU
		Release|Any CPU = Release|Any CPU
	EndGlobalSection
	GlobalSection(ProjectConfigurationPlatforms) = postSolution
		{0B16F0A0-6A09-4F4D-9749-F8171CE5D504}.Debug|Any CPU.ActiveCfg = Debug|Any CPU
		{0B16F0A0-6A09-4F4D-9749-F8171CE5D504}.Debug|Any CPU.Build.0 = Debug|Any CPU
		{0B16F0A0-6A09-4F4D-9749-F8171CE5D504}.Release|Any CPU.ActiveCfg = Release|Any CPU
		{0B16F0A0-6A09-4F4D-9749-F8171CE5D504}.Release|Any CPU.Build.0 = Release|Any CPU
	EndGlobalSection
	GlobalSection(SolutionProperties) = preSolution
		HideSolutionNode = FALSE
	EndGlobalSection
	GlobalSection(ExtensibilityGlobals) = postSolution
		SolutionGuid = {05ADA5FF-F890-438F-889D-1EA85A3EB99B}
	EndGlobalSection
EndGlobal
